// !$*UTF8*$!
{
	archiveVersion = 1;
	classes = {
	};
	objectVersion = 56;
	objects = {

/* Begin PBXBuildFile section */
		BD34A1AE2A7E7EE5002005B7 /* SampleWidgetApp.swift in Sources */ = {isa = PBXBuildFile; fileRef = BD34A1AD2A7E7EE5002005B7 /* SampleWidgetApp.swift */; };
		BD34A1B02A7E7EE5002005B7 /* ContentView.swift in Sources */ = {isa = PBXBuildFile; fileRef = BD34A1AF2A7E7EE5002005B7 /* ContentView.swift */; };
		BD34A1B22A7E7EE6002005B7 /* Assets.xcassets in Resources */ = {isa = PBXBuildFile; fileRef = BD34A1B12A7E7EE6002005B7 /* Assets.xcassets */; };
		BD34A1B62A7E7EE6002005B7 /* Preview Assets.xcassets in Resources */ = {isa = PBXBuildFile; fileRef = BD34A1B52A7E7EE6002005B7 /* Preview Assets.xcassets */; };
		BD34A1C32A7E7F7A002005B7 /* WidgetKit.framework in Frameworks */ = {isa = PBXBuildFile; fileRef = BD34A1C22A7E7F7A002005B7 /* WidgetKit.framework */; };
		BD34A1C52A7E7F7A002005B7 /* SwiftUI.framework in Frameworks */ = {isa = PBXBuildFile; fileRef = BD34A1C42A7E7F7A002005B7 /* SwiftUI.framework */; };
		BD34A1C82A7E7F7A002005B7 /* SampleWidget_WidgetBundle.swift in Sources */ = {isa = PBXBuildFile; fileRef = BD34A1C72A7E7F7A002005B7 /* SampleWidget_WidgetBundle.swift */; };
		BD34A1CA2A7E7F7A002005B7 /* SampleWidget_WidgetLiveActivity.swift in Sources */ = {isa = PBXBuildFile; fileRef = BD34A1C92A7E7F7A002005B7 /* SampleWidget_WidgetLiveActivity.swift */; };
		BD34A1CC2A7E7F7A002005B7 /* SampleWidget_Widget.swift in Sources */ = {isa = PBXBuildFile; fileRef = BD34A1CB2A7E7F7A002005B7 /* SampleWidget_Widget.swift */; };
		BD34A1CE2A7E7F7B002005B7 /* Assets.xcassets in Resources */ = {isa = PBXBuildFile; fileRef = BD34A1CD2A7E7F7B002005B7 /* Assets.xcassets */; };
		BD34A1D22A7E7F7B002005B7 /* SampleWidget_WidgetExtension.appex in Embed Foundation Extensions */ = {isa = PBXBuildFile; fileRef = BD34A1C02A7E7F7A002005B7 /* SampleWidget_WidgetExtension.appex */; settings = {ATTRIBUTES = (RemoveHeadersOnCopy, ); }; };
/* End PBXBuildFile section */

/* Begin PBXContainerItemProxy section */
		BD34A1D02A7E7F7B002005B7 /* PBXContainerItemProxy */ = {
			isa = PBXContainerItemProxy;
			containerPortal = BD34A1A22A7E7EE5002005B7 /* Project object */;
			proxyType = 1;
			remoteGlobalIDString = BD34A1BF2A7E7F7A002005B7;
			remoteInfo = SampleWidget_WidgetExtension;
		};
/* End PBXContainerItemProxy section */

/* Begin PBXCopyFilesBuildPhase section */
		BD34A1D62A7E7F7B002005B7 /* Embed Foundation Extensions */ = {
			isa = PBXCopyFilesBuildPhase;
			buildActionMask = 2147483647;
			dstPath = "";
			dstSubfolderSpec = 13;
			files = (
				BD34A1D22A7E7F7B002005B7 /* SampleWidget_WidgetExtension.appex in Embed Foundation Extensions */,
			);
			name = "Embed Foundation Extensions";
			runOnlyForDeploymentPostprocessing = 0;
		};
/* End PBXCopyFilesBuildPhase section */

/* Begin PBXFileReference section */
		BD34A1AA2A7E7EE5002005B7 /* SampleWidget.app */ = {isa = PBXFileReference; explicitFileType = wrapper.application; includeInIndex = 0; path = SampleWidget.app; sourceTree = BUILT_PRODUCTS_DIR; };
		BD34A1AD2A7E7EE5002005B7 /* SampleWidgetApp.swift */ = {isa = PBXFileReference; lastKnownFileType = sourcecode.swift; path = SampleWidgetApp.swift; sourceTree = "<group>"; };
		BD34A1AF2A7E7EE5002005B7 /* ContentView.swift */ = {isa = PBXFileReference; lastKnownFileType = sourcecode.swift; path = ContentView.swift; sourceTree = "<group>"; };
		BD34A1B12A7E7EE6002005B7 /* Assets.xcassets */ = {isa = PBXFileReference; lastKnownFileType = folder.assetcatalog; path = Assets.xcassets; sourceTree = "<group>"; };
		BD34A1B32A7E7EE6002005B7 /* SampleWidget.entitlements */ = {isa = PBXFileReference; lastKnownFileType = text.plist.entitlements; path = SampleWidget.entitlements; sourceTree = "<group>"; };
		BD34A1B52A7E7EE6002005B7 /* Preview Assets.xcassets */ = {isa = PBXFileReference; lastKnownFileType = folder.assetcatalog; path = "Preview Assets.xcassets"; sourceTree = "<group>"; };
		BD34A1C02A7E7F7A002005B7 /* SampleWidget_WidgetExtension.appex */ = {isa = PBXFileReference; explicitFileType = "wrapper.app-extension"; includeInIndex = 0; path = SampleWidget_WidgetExtension.appex; sourceTree = BUILT_PRODUCTS_DIR; };
		BD34A1C22A7E7F7A002005B7 /* WidgetKit.framework */ = {isa = PBXFileReference; lastKnownFileType = wrapper.framework; name = WidgetKit.framework; path = System/Library/Frameworks/WidgetKit.framework; sourceTree = SDKROOT; };
		BD34A1C42A7E7F7A002005B7 /* SwiftUI.framework */ = {isa = PBXFileReference; lastKnownFileType = wrapper.framework; name = SwiftUI.framework; path = System/Library/Frameworks/SwiftUI.framework; sourceTree = SDKROOT; };
		BD34A1C72A7E7F7A002005B7 /* SampleWidget_WidgetBundle.swift */ = {isa = PBXFileReference; lastKnownFileType = sourcecode.swift; path = SampleWidget_WidgetBundle.swift; sourceTree = "<group>"; };
		BD34A1C92A7E7F7A002005B7 /* SampleWidget_WidgetLiveActivity.swift */ = {isa = PBXFileReference; lastKnownFileType = sourcecode.swift; path = SampleWidget_WidgetLiveActivity.swift; sourceTree = "<group>"; };
		BD34A1CB2A7E7F7A002005B7 /* SampleWidget_Widget.swift */ = {isa = PBXFileReference; lastKnownFileType = sourcecode.swift; path = SampleWidget_Widget.swift; sourceTree = "<group>"; };
		BD34A1CD2A7E7F7B002005B7 /* Assets.xcassets */ = {isa = PBXFileReference; lastKnownFileType = folder.assetcatalog; path = Assets.xcassets; sourceTree = "<group>"; };
		BD34A1CF2A7E7F7B002005B7 /* Info.plist */ = {isa = PBXFileReference; lastKnownFileType = text.plist.xml; path = Info.plist; sourceTree = "<group>"; };
/* End PBXFileReference section */

/* Begin PBXFrameworksBuildPhase section */
		BD34A1A72A7E7EE5002005B7 /* Frameworks */ = {
			isa = PBXFrameworksBuildPhase;
			buildActionMask = 2147483647;
			files = (
			);
			runOnlyForDeploymentPostprocessing = 0;
		};
		BD34A1BD2A7E7F7A002005B7 /* Frameworks */ = {
			isa = PBXFrameworksBuildPhase;
			buildActionMask = 2147483647;
			files = (
				BD34A1C52A7E7F7A002005B7 /* SwiftUI.framework in Frameworks */,
				BD34A1C32A7E7F7A002005B7 /* WidgetKit.framework in Frameworks */,
			);
			runOnlyForDeploymentPostprocessing = 0;
		};
/* End PBXFrameworksBuildPhase section */

/* Begin PBXGroup section */
		BD34A1A12A7E7EE5002005B7 = {
			isa = PBXGroup;
			children = (
				BD34A1AC2A7E7EE5002005B7 /* SampleWidget */,
				BD34A1C62A7E7F7A002005B7 /* SampleWidget_Widget */,
				BD34A1C12A7E7F7A002005B7 /* Frameworks */,
				BD34A1AB2A7E7EE5002005B7 /* Products */,
			);
			sourceTree = "<group>";
		};
		BD34A1AB2A7E7EE5002005B7 /* Products */ = {
			isa = PBXGroup;
			children = (
				BD34A1AA2A7E7EE5002005B7 /* SampleWidget.app */,
				BD34A1C02A7E7F7A002005B7 /* SampleWidget_WidgetExtension.appex */,
			);
			name = Products;
			sourceTree = "<group>";
		};
		BD34A1AC2A7E7EE5002005B7 /* SampleWidget */ = {
			isa = PBXGroup;
			children = (
				BD34A1AD2A7E7EE5002005B7 /* SampleWidgetApp.swift */,
				BD34A1AF2A7E7EE5002005B7 /* ContentView.swift */,
				BD34A1B12A7E7EE6002005B7 /* Assets.xcassets */,
				BD34A1B32A7E7EE6002005B7 /* SampleWidget.entitlements */,
				BD34A1B42A7E7EE6002005B7 /* Preview Content */,
			);
			path = SampleWidget;
			sourceTree = "<group>";
		};
		BD34A1B42A7E7EE6002005B7 /* Preview Content */ = {
			isa = PBXGroup;
			children = (
				BD34A1B52A7E7EE6002005B7 /* Preview Assets.xcassets */,
			);
			path = "Preview Content";
			sourceTree = "<group>";
		};
		BD34A1C12A7E7F7A002005B7 /* Frameworks */ = {
			isa = PBXGroup;
			children = (
				BD34A1C22A7E7F7A002005B7 /* WidgetKit.framework */,
				BD34A1C42A7E7F7A002005B7 /* SwiftUI.framework */,
			);
			name = Frameworks;
			sourceTree = "<group>";
		};
		BD34A1C62A7E7F7A002005B7 /* SampleWidget_Widget */ = {
			isa = PBXGroup;
			children = (
				BD34A1C72A7E7F7A002005B7 /* SampleWidget_WidgetBundle.swift */,
				BD34A1C92A7E7F7A002005B7 /* SampleWidget_WidgetLiveActivity.swift */,
				BD34A1CB2A7E7F7A002005B7 /* SampleWidget_Widget.swift */,
				BD34A1CD2A7E7F7B002005B7 /* Assets.xcassets */,
				BD34A1CF2A7E7F7B002005B7 /* Info.plist */,
			);
			path = SampleWidget_Widget;
			sourceTree = "<group>";
		};
/* End PBXGroup section */

/* Begin PBXNativeTarget section */
		BD34A1A92A7E7EE5002005B7 /* SampleWidget */ = {
			isa = PBXNativeTarget;
			buildConfigurationList = BD34A1B92A7E7EE6002005B7 /* Build configuration list for PBXNativeTarget "SampleWidget" */;
			buildPhases = (
				BD34A1A62A7E7EE5002005B7 /* Sources */,
				BD34A1A72A7E7EE5002005B7 /* Frameworks */,
				BD34A1A82A7E7EE5002005B7 /* Resources */,
				BD34A1D62A7E7F7B002005B7 /* Embed Foundation Extensions */,
			);
			buildRules = (
			);
			dependencies = (
				BD34A1D12A7E7F7B002005B7 /* PBXTargetDependency */,
			);
			name = SampleWidget;
			productName = SampleWidget;
			productReference = BD34A1AA2A7E7EE5002005B7 /* SampleWidget.app */;
			productType = "com.apple.product-type.application";
		};
		BD34A1BF2A7E7F7A002005B7 /* SampleWidget_WidgetExtension */ = {
			isa = PBXNativeTarget;
			buildConfigurationList = BD34A1D32A7E7F7B002005B7 /* Build configuration list for PBXNativeTarget "SampleWidget_WidgetExtension" */;
			buildPhases = (
				BD34A1BC2A7E7F7A002005B7 /* Sources */,
				BD34A1BD2A7E7F7A002005B7 /* Frameworks */,
				BD34A1BE2A7E7F7A002005B7 /* Resources */,
			);
			buildRules = (
			);
			dependencies = (
			);
			name = SampleWidget_WidgetExtension;
			productName = SampleWidget_WidgetExtension;
			productReference = BD34A1C02A7E7F7A002005B7 /* SampleWidget_WidgetExtension.appex */;
			productType = "com.apple.product-type.app-extension";
		};
/* End PBXNativeTarget section */

/* Begin PBXProject section */
		BD34A1A22A7E7EE5002005B7 /* Project object */ = {
			isa = PBXProject;
			attributes = {
				BuildIndependentTargetsInParallel = 1;
				LastSwiftUpdateCheck = 1420;
				LastUpgradeCheck = 1420;
				TargetAttributes = {
					BD34A1A92A7E7EE5002005B7 = {
						CreatedOnToolsVersion = 14.2;
					};
					BD34A1BF2A7E7F7A002005B7 = {
						CreatedOnToolsVersion = 14.2;
					};
				};
			};
			buildConfigurationList = BD34A1A52A7E7EE5002005B7 /* Build configuration list for PBXProject "SampleWidget" */;
			compatibilityVersion = "Xcode 14.0";
			developmentRegion = en;
			hasScannedForEncodings = 0;
			knownRegions = (
				en,
				Base,
			);
			mainGroup = BD34A1A12A7E7EE5002005B7;
			productRefGroup = BD34A1AB2A7E7EE5002005B7 /* Products */;
			projectDirPath = "";
			projectRoot = "";
			targets = (
				BD34A1A92A7E7EE5002005B7 /* SampleWidget */,
				BD34A1BF2A7E7F7A002005B7 /* SampleWidget_WidgetExtension */,
			);
		};
/* End PBXProject section */

/* Begin PBXResourcesBuildPhase section */
		BD34A1A82A7E7EE5002005B7 /* Resources */ = {
			isa = PBXResourcesBuildPhase;
			buildActionMask = 2147483647;
			files = (
				BD34A1B62A7E7EE6002005B7 /* Preview Assets.xcassets in Resources */,
				BD34A1B22A7E7EE6002005B7 /* Assets.xcassets in Resources */,
			);
			runOnlyForDeploymentPostprocessing = 0;
		};
		BD34A1BE2A7E7F7A002005B7 /* Resources */ = {
			isa = PBXResourcesBuildPhase;
			buildActionMask = 2147483647;
			files = (
				BD34A1CE2A7E7F7B002005B7 /* Assets.xcassets in Resources */,
			);
			runOnlyForDeploymentPostprocessing = 0;
		};
/* End PBXResourcesBuildPhase section */

/* Begin PBXSourcesBuildPhase section */
		BD34A1A62A7E7EE5002005B7 /* Sources */ = {
			isa = PBXSourcesBuildPhase;
			buildActionMask = 2147483647;
			files = (
				BD34A1B02A7E7EE5002005B7 /* ContentView.swift in Sources */,
				BD34A1AE2A7E7EE5002005B7 /* SampleWidgetApp.swift in Sources */,
			);
			runOnlyForDeploymentPostprocessing = 0;
		};
		BD34A1BC2A7E7F7A002005B7 /* Sources */ = {
			isa = PBXSourcesBuildPhase;
			buildActionMask = 2147483647;
			files = (
				BD34A1CC2A7E7F7A002005B7 /* SampleWidget_Widget.swift in Sources */,
				BD34A1CA2A7E7F7A002005B7 /* SampleWidget_WidgetLiveActivity.swift in Sources */,
				BD34A1C82A7E7F7A002005B7 /* SampleWidget_WidgetBundle.swift in Sources */,
			);
			runOnlyForDeploymentPostprocessing = 0;
		};
/* End PBXSourcesBuildPhase section */

/* Begin PBXTargetDependency section */
		BD34A1D12A7E7F7B002005B7 /* PBXTargetDependency */ = {
			isa = PBXTargetDependency;
			target = BD34A1BF2A7E7F7A002005B7 /* SampleWidget_WidgetExtension */;
			targetProxy = BD34A1D02A7E7F7B002005B7 /* PBXContainerItemProxy */;
		};
/* End PBXTargetDependency section */

/* Begin XCBuildConfiguration section */
		BD34A1B72A7E7EE6002005B7 /* Debug */ = {
			isa = XCBuildConfiguration;
			buildSettings = {
				ALWAYS_SEARCH_USER_PATHS = NO;
				CLANG_ANALYZER_NONNULL = YES;
				CLANG_ANALYZER_NUMBER_OBJECT_CONVERSION = YES_AGGRESSIVE;
				CLANG_CXX_LANGUAGE_STANDARD = "gnu++20";
				CLANG_ENABLE_MODULES = YES;
				CLANG_ENABLE_OBJC_ARC = YES;
				CLANG_ENABLE_OBJC_WEAK = YES;
				CLANG_WARN_BLOCK_CAPTURE_AUTORELEASING = YES;
				CLANG_WARN_BOOL_CONVERSION = YES;
				CLANG_WARN_COMMA = YES;
				CLANG_WARN_CONSTANT_CONVERSION = YES;
				CLANG_WARN_DEPRECATED_OBJC_IMPLEMENTATIONS = YES;
				CLANG_WARN_DIRECT_OBJC_ISA_USAGE = YES_ERROR;
				CLANG_WARN_DOCUMENTATION_COMMENTS = YES;
				CLANG_WARN_EMPTY_BODY = YES;
				CLANG_WARN_ENUM_CONVERSION = YES;
				CLANG_WARN_INFINITE_RECURSION = YES;
				CLANG_WARN_INT_CONVERSION = YES;
				CLANG_WARN_NON_LITERAL_NULL_CONVERSION = YES;
				CLANG_WARN_OBJC_IMPLICIT_RETAIN_SELF = YES;
				CLANG_WARN_OBJC_LITERAL_CONVERSION = YES;
				CLANG_WARN_OBJC_ROOT_CLASS = YES_ERROR;
				CLANG_WARN_QUOTED_INCLUDE_IN_FRAMEWORK_HEADER = YES;
				CLANG_WARN_RANGE_LOOP_ANALYSIS = YES;
				CLANG_WARN_STRICT_PROTOTYPES = YES;
				CLANG_WARN_SUSPICIOUS_MOVE = YES;
				CLANG_WARN_UNGUARDED_AVAILABILITY = YES_AGGRESSIVE;
				CLANG_WARN_UNREACHABLE_CODE = YES;
				CLANG_WARN__DUPLICATE_METHOD_MATCH = YES;
				COPY_PHASE_STRIP = NO;
				DEBUG_INFORMATION_FORMAT = dwarf;
				ENABLE_STRICT_OBJC_MSGSEND = YES;
				ENABLE_TESTABILITY = YES;
				GCC_C_LANGUAGE_STANDARD = gnu11;
				GCC_DYNAMIC_NO_PIC = NO;
				GCC_NO_COMMON_BLOCKS = YES;
				GCC_OPTIMIZATION_LEVEL = 0;
				GCC_PREPROCESSOR_DEFINITIONS = (
					"DEBUG=1",
					"$(inherited)",
				);
				GCC_WARN_64_TO_32_BIT_CONVERSION = YES;
				GCC_WARN_ABOUT_RETURN_TYPE = YES_ERROR;
				GCC_WARN_UNDECLARED_SELECTOR = YES;
				GCC_WARN_UNINITIALIZED_AUTOS = YES_AGGRESSIVE;
				GCC_WARN_UNUSED_FUNCTION = YES;
				GCC_WARN_UNUSED_VARIABLE = YES;
				MTL_ENABLE_DEBUG_INFO = INCLUDE_SOURCE;
				MTL_FAST_MATH = YES;
				ONLY_ACTIVE_ARCH = YES;
				SWIFT_ACTIVE_COMPILATION_CONDITIONS = DEBUG;
				SWIFT_OPTIMIZATION_LEVEL = "-Onone";
			};
			name = Debug;
		};
		BD34A1B82A7E7EE6002005B7 /* Release */ = {
			isa = XCBuildConfiguration;
			buildSettings = {
				ALWAYS_SEARCH_USER_PATHS = NO;
				CLANG_ANALYZER_NONNULL = YES;
				CLANG_ANALYZER_NUMBER_OBJECT_CONVERSION = YES_AGGRESSIVE;
				CLANG_CXX_LANGUAGE_STANDARD = "gnu++20";
				CLANG_ENABLE_MODULES = YES;
				CLANG_ENABLE_OBJC_ARC = YES;
				CLANG_ENABLE_OBJC_WEAK = YES;
				CLANG_WARN_BLOCK_CAPTURE_AUTORELEASING = YES;
				CLANG_WARN_BOOL_CONVERSION = YES;
				CLANG_WARN_COMMA = YES;
				CLANG_WARN_CONSTANT_CONVERSION = YES;
				CLANG_WARN_DEPRECATED_OBJC_IMPLEMENTATIONS = YES;
				CLANG_WARN_DIRECT_OBJC_ISA_USAGE = YES_ERROR;
				CLANG_WARN_DOCUMENTATION_COMMENTS = YES;
				CLANG_WARN_EMPTY_BODY = YES;
				CLANG_WARN_ENUM_CONVERSION = YES;
				CLANG_WARN_INFINITE_RECURSION = YES;
				CLANG_WARN_INT_CONVERSION = YES;
				CLANG_WARN_NON_LITERAL_NULL_CONVERSION = YES;
				CLANG_WARN_OBJC_IMPLICIT_RETAIN_SELF = YES;
				CLANG_WARN_OBJC_LITERAL_CONVERSION = YES;
				CLANG_WARN_OBJC_ROOT_CLASS = YES_ERROR;
				CLANG_WARN_QUOTED_INCLUDE_IN_FRAMEWORK_HEADER = YES;
				CLANG_WARN_RANGE_LOOP_ANALYSIS = YES;
				CLANG_WARN_STRICT_PROTOTYPES = YES;
				CLANG_WARN_SUSPICIOUS_MOVE = YES;
				CLANG_WARN_UNGUARDED_AVAILABILITY = YES_AGGRESSIVE;
				CLANG_WARN_UNREACHABLE_CODE = YES;
				CLANG_WARN__DUPLICATE_METHOD_MATCH = YES;
				COPY_PHASE_STRIP = NO;
				DEBUG_INFORMATION_FORMAT = "dwarf-with-dsym";
				ENABLE_NS_ASSERTIONS = NO;
				ENABLE_STRICT_OBJC_MSGSEND = YES;
				GCC_C_LANGUAGE_STANDARD = gnu11;
				GCC_NO_COMMON_BLOCKS = YES;
				GCC_WARN_64_TO_32_BIT_CONVERSION = YES;
				GCC_WARN_ABOUT_RETURN_TYPE = YES_ERROR;
				GCC_WARN_UNDECLARED_SELECTOR = YES;
				GCC_WARN_UNINITIALIZED_AUTOS = YES_AGGRESSIVE;
				GCC_WARN_UNUSED_FUNCTION = YES;
				GCC_WARN_UNUSED_VARIABLE = YES;
				MTL_ENABLE_DEBUG_INFO = NO;
				MTL_FAST_MATH = YES;
				SWIFT_COMPILATION_MODE = wholemodule;
				SWIFT_OPTIMIZATION_LEVEL = "-O";
			};
			name = Release;
		};
		BD34A1BA2A7E7EE6002005B7 /* Debug */ = {
			isa = XCBuildConfiguration;
			buildSettings = {
				ALWAYS_EMBED_SWIFT_STANDARD_LIBRARIES = YES;
				ASSETCATALOG_COMPILER_APPICON_NAME = AppIcon;
				ASSETCATALOG_COMPILER_GLOBAL_ACCENT_COLOR_NAME = AccentColor;
				CODE_SIGN_ENTITLEMENTS = SampleWidget/SampleWidget.entitlements;
				CODE_SIGN_STYLE = Automatic;
				CURRENT_PROJECT_VERSION = 1;
				DEVELOPMENT_ASSET_PATHS = "\"SampleWidget/Preview Content\"";
				DEVELOPMENT_TEAM = 254E5TZV4C;
				ENABLE_HARDENED_RUNTIME = YES;
				ENABLE_PREVIEWS = YES;
				GENERATE_INFOPLIST_FILE = YES;
				"INFOPLIST_KEY_UIApplicationSceneManifest_Generation[sdk=iphoneos*]" = YES;
				"INFOPLIST_KEY_UIApplicationSceneManifest_Generation[sdk=iphonesimulator*]" = YES;
				"INFOPLIST_KEY_UIApplicationSupportsIndirectInputEvents[sdk=iphoneos*]" = YES;
				"INFOPLIST_KEY_UIApplicationSupportsIndirectInputEvents[sdk=iphonesimulator*]" = YES;
				"INFOPLIST_KEY_UILaunchScreen_Generation[sdk=iphoneos*]" = YES;
				"INFOPLIST_KEY_UILaunchScreen_Generation[sdk=iphonesimulator*]" = YES;
				"INFOPLIST_KEY_UIStatusBarStyle[sdk=iphoneos*]" = UIStatusBarStyleDefault;
				"INFOPLIST_KEY_UIStatusBarStyle[sdk=iphonesimulator*]" = UIStatusBarStyleDefault;
				INFOPLIST_KEY_UISupportedInterfaceOrientations_iPad = "UIInterfaceOrientationPortrait UIInterfaceOrientationPortraitUpsideDown UIInterfaceOrientationLandscapeLeft UIInterfaceOrientationLandscapeRight";
				INFOPLIST_KEY_UISupportedInterfaceOrientations_iPhone = "UIInterfaceOrientationPortrait UIInterfaceOrientationLandscapeLeft UIInterfaceOrientationLandscapeRight";
				IPHONEOS_DEPLOYMENT_TARGET = 16.2;
				LD_RUNPATH_SEARCH_PATHS = "@executable_path/Frameworks";
				"LD_RUNPATH_SEARCH_PATHS[sdk=macosx*]" = "@executable_path/../Frameworks";
				MACOSX_DEPLOYMENT_TARGET = 13.1;
				MARKETING_VERSION = 1.0;
				PRODUCT_BUNDLE_IDENTIFIER = RyuKoma.SampleWidget;
				PRODUCT_NAME = "$(TARGET_NAME)";
				SDKROOT = auto;
				SUPPORTED_PLATFORMS = "iphoneos iphonesimulator macosx";
				SWIFT_EMIT_LOC_STRINGS = YES;
				SWIFT_VERSION = 5.0;
				TARGETED_DEVICE_FAMILY = "1,2";
			};
			name = Debug;
		};
		BD34A1BB2A7E7EE6002005B7 /* Release */ = {
			isa = XCBuildConfiguration;
			buildSettings = {
				ALWAYS_EMBED_SWIFT_STANDARD_LIBRARIES = YES;
				ASSETCATALOG_COMPILER_APPICON_NAME = AppIcon;
				ASSETCATALOG_COMPILER_GLOBAL_ACCENT_COLOR_NAME = AccentColor;
				CODE_SIGN_ENTITLEMENTS = SampleWidget/SampleWidget.entitlements;
				CODE_SIGN_STYLE = Automatic;
				CURRENT_PROJECT_VERSION = 1;
				DEVELOPMENT_ASSET_PATHS = "\"SampleWidget/Preview Content\"";
				DEVELOPMENT_TEAM = 254E5TZV4C;
				ENABLE_HARDENED_RUNTIME = YES;
				ENABLE_PREVIEWS = YES;
				GENERATE_INFOPLIST_FILE = YES;
				"INFOPLIST_KEY_UIApplicationSceneManifest_Generation[sdk=iphoneos*]" = YES;
				"INFOPLIST_KEY_UIApplicationSceneManifest_Generation[sdk=iphonesimulator*]" = YES;
				"INFOPLIST_KEY_UIApplicationSupportsIndirectInputEvents[sdk=iphoneos*]" = YES;
				"INFOPLIST_KEY_UIApplicationSupportsIndirectInputEvents[sdk=iphonesimulator*]" = YES;
				"INFOPLIST_KEY_UILaunchScreen_Generation[sdk=iphoneos*]" = YES;
				"INFOPLIST_KEY_UILaunchScreen_Generation[sdk=iphonesimulator*]" = YES;
				"INFOPLIST_KEY_UIStatusBarStyle[sdk=iphoneos*]" = UIStatusBarStyleDefault;
				"INFOPLIST_KEY_UIStatusBarStyle[sdk=iphonesimulator*]" = UIStatusBarStyleDefault;
				INFOPLIST_KEY_UISupportedInterfaceOrientations_iPad = "UIInterfaceOrientationPortrait UIInterfaceOrientationPortraitUpsideDown UIInterfaceOrientationLandscapeLeft UIInterfaceOrientationLandscapeRight";
				INFOPLIST_KEY_UISupportedInterfaceOrientations_iPhone = "UIInterfaceOrientationPortrait UIInterfaceOrientationLandscapeLeft UIInterfaceOrientationLandscapeRight";
				IPHONEOS_DEPLOYMENT_TARGET = 16.2;
				LD_RUNPATH_SEARCH_PATHS = "@executable_path/Frameworks";
				"LD_RUNPATH_SEARCH_PATHS[sdk=macosx*]" = "@executable_path/../Frameworks";
				MACOSX_DEPLOYMENT_TARGET = 13.1;
				MARKETING_VERSION = 1.0;
				PRODUCT_BUNDLE_IDENTIFIER = RyuKoma.SampleWidget;
				PRODUCT_NAME = "$(TARGET_NAME)";
				SDKROOT = auto;
				SUPPORTED_PLATFORMS = "iphoneos iphonesimulator macosx";
				SWIFT_EMIT_LOC_STRINGS = YES;
				SWIFT_VERSION = 5.0;
				TARGETED_DEVICE_FAMILY = "1,2";
			};
			name = Release;
		};
		BD34A1D42A7E7F7B002005B7 /* Debug */ = {
			isa = XCBuildConfiguration;
			buildSettings = {
				ASSETCATALOG_COMPILER_GLOBAL_ACCENT_COLOR_NAME = AccentColor;
				ASSETCATALOG_COMPILER_WIDGET_BACKGROUND_COLOR_NAME = WidgetBackground;
				CODE_SIGN_STYLE = Automatic;
				CURRENT_PROJECT_VERSION = 1;
				DEVELOPMENT_TEAM = 254E5TZV4C;
				GENERATE_INFOPLIST_FILE = YES;
				INFOPLIST_FILE = SampleWidget_Widget/Info.plist;
				INFOPLIST_KEY_CFBundleDisplayName = SampleWidget_Widget;
				INFOPLIST_KEY_NSHumanReadableCopyright = "";
				IPHONEOS_DEPLOYMENT_TARGET = 16.2;
				LD_RUNPATH_SEARCH_PATHS = (
					"$(inherited)",
					"@executable_path/Frameworks",
					"@executable_path/../../Frameworks",
				);
				MARKETING_VERSION = 1.0;
				PRODUCT_BUNDLE_IDENTIFIER = "RyuKoma.SampleWidget.SampleWidget-Widget";
				PRODUCT_NAME = "$(TARGET_NAME)";
				SDKROOT = iphoneos;
				SKIP_INSTALL = YES;
				SWIFT_EMIT_LOC_STRINGS = YES;
				SWIFT_VERSION = 5.0;
				TARGETED_DEVICE_FAMILY = "1,2";
			};
			name = Debug;
		};
		BD34A1D52A7E7F7B002005B7 /* Release */ = {
			isa = XCBuildConfiguration;
			buildSettings = {
				ASSETCATALOG_COMPILER_GLOBAL_ACCENT_COLOR_NAME = AccentColor;
				ASSETCATALOG_COMPILER_WIDGET_BACKGROUND_COLOR_NAME = WidgetBackground;
				CODE_SIGN_STYLE = Automatic;
				CURRENT_PROJECT_VERSION = 1;
				DEVELOPMENT_TEAM = 254E5TZV4C;
				GENERATE_INFOPLIST_FILE = YES;
				INFOPLIST_FILE = SampleWidget_Widget/Info.plist;
				INFOPLIST_KEY_CFBundleDisplayName = SampleWidget_Widget;
				INFOPLIST_KEY_NSHumanReadableCopyright = "";
				IPHONEOS_DEPLOYMENT_TARGET = 16.2;
				LD_RUNPATH_SEARCH_PATHS = (
					"$(inherited)",
					"@executable_path/Frameworks",
					"@executable_path/../../Frameworks",
				);
				MARKETING_VERSION = 1.0;
				PRODUCT_BUNDLE_IDENTIFIER = "RyuKoma.SampleWidget.SampleWidget-Widget";
				PRODUCT_NAME = "$(TARGET_NAME)";
				SDKROOT = iphoneos;
				SKIP_INSTALL = YES;
				SWIFT_EMIT_LOC_STRINGS = YES;
				SWIFT_VERSION = 5.0;
				TARGETED_DEVICE_FAMILY = "1,2";
				VALIDATE_PRODUCT = YES;
			};
			name = Release;
		};
/* End XCBuildConfiguration section */

/* Begin XCConfigurationList section */
		BD34A1A52A7E7EE5002005B7 /* Build configuration list for PBXProject "SampleWidget" */ = {
			isa = XCConfigurationList;
			buildConfigurations = (
				BD34A1B72A7E7EE6002005B7 /* Debug */,
				BD34A1B82A7E7EE6002005B7 /* Release */,
			);
			defaultConfigurationIsVisible = 0;
			defaultConfigurationName = Release;
		};
		BD34A1B92A7E7EE6002005B7 /* Build configuration list for PBXNativeTarget "SampleWidget" */ = {
			isa = XCConfigurationList;
			buildConfigurations = (
				BD34A1BA2A7E7EE6002005B7 /* Debug */,
				BD34A1BB2A7E7EE6002005B7 /* Release */,
			);
			defaultConfigurationIsVisible = 0;
			defaultConfigurationName = Release;
		};
		BD34A1D32A7E7F7B002005B7 /* Build configuration list for PBXNativeTarget "SampleWidget_WidgetExtension" */ = {
			isa = XCConfigurationList;
			buildConfigurations = (
				BD34A1D42A7E7F7B002005B7 /* Debug */,
				BD34A1D52A7E7F7B002005B7 /* Release */,
			);
			defaultConfigurationIsVisible = 0;
			defaultConfigurationName = Release;
		};
/* End XCConfigurationList section */
	};
	rootObject = BD34A1A22A7E7EE5002005B7 /* Project object */;
}
